
Microsoft Visual Studio Solution File, Format Version 12.00
# Visual Studio Version 16
VisualStudioVersion = 16.0.29123.89
MinimumVisualStudioVersion = 10.0.40219.1
Project("{D954291E-2A0B-460D-934E-DC6B0785DB48}") = "HelloWorld.Shared", "HelloWorld\HelloWorld.Shared\HelloWorld.Shared.shproj", "{6279C845-92F8-4333-AB99-3D213163593C}"
EndProject
Project("{FAE04EC0-301F-11D3-BF4B-00C04F79EFBC}") = "HelloWorld.Droid", "HelloWorld\HelloWorld.Droid\HelloWorld.Droid.csproj", "{D5A31E2A-AC54-47A2-BEAB-E4B42C7F0ECF}"
EndProject
Project("{FAE04EC0-301F-11D3-BF4B-00C04F79EFBC}") = "HelloWorld.iOS", "HelloWorld\HelloWorld.iOS\HelloWorld.iOS.csproj", "{D2706C0F-70C3-4944-85AE-5A890FCF2FE6}"
EndProject
Project("{FAE04EC0-301F-11D3-BF4B-00C04F79EFBC}") = "HelloWorld.UWP", "HelloWorld\HelloWorld.UWP\HelloWorld.UWP.csproj", "{0D0E0A19-D49A-47E3-A7D6-452373A00AA6}"
EndProject
Project("{FAE04EC0-301F-11D3-BF4B-00C04F79EFBC}") = "HelloWorld.Wasm", "HelloWorld\HelloWorld.Wasm\HelloWorld.Wasm.csproj", "{F1A285AA-618C-4874-A35C-07A3D722ACC1}"
EndProject
Global
	GlobalSection(SharedMSBuildProjectFiles) = preSolution
		HelloWorld\HelloWorld.Shared\HelloWorld.Shared.projitems*{6279c845-92f8-4333-ab99-3d213163593c}*SharedItemsImports = 13
	EndGlobalSection
	GlobalSection(SolutionConfigurationPlatforms) = preSolution
		Ad-Hoc|Any CPU = Ad-Hoc|Any CPU
		Ad-Hoc|ARM = Ad-Hoc|ARM
		Ad-Hoc|iPhone = Ad-Hoc|iPhone
		Ad-Hoc|iPhoneSimulator = Ad-Hoc|iPhoneSimulator
		Ad-Hoc|x64 = Ad-Hoc|x64
		Ad-Hoc|x86 = Ad-Hoc|x86
		AppStore|Any CPU = AppStore|Any CPU
		AppStore|ARM = AppStore|ARM
		AppStore|iPhone = AppStore|iPhone
		AppStore|iPhoneSimulator = AppStore|iPhoneSimulator
		AppStore|x64 = AppStore|x64
		AppStore|x86 = AppStore|x86
		Debug|Any CPU = Debug|Any CPU
		Debug|ARM = Debug|ARM
		Debug|iPhone = Debug|iPhone
		Debug|iPhoneSimulator = Debug|iPhoneSimulator
		Debug|x64 = Debug|x64
		Debug|x86 = Debug|x86
		Release|Any CPU = Release|Any CPU
		Release|ARM = Release|ARM
		Release|iPhone = Release|iPhone
		Release|iPhoneSimulator = Release|iPhoneSimulator
		Release|x64 = Release|x64
		Release|x86 = Release|x86
	EndGlobalSection
	GlobalSection(ProjectConfigurationPlatforms) = postSolution
		{D5A31E2A-AC54-47A2-BEAB-E4B42C7F0ECF}.Ad-Hoc|Any CPU.ActiveCfg = Release|Any CPU
		{D5A31E2A-AC54-47A2-BEAB-E4B42C7F0ECF}.Ad-Hoc|Any CPU.Build.0 = Release|Any CPU
		{D5A31E2A-AC54-47A2-BEAB-E4B42C7F0ECF}.Ad-Hoc|Any CPU.Deploy.0 = Release|Any CPU
		{D5A31E2A-AC54-47A2-BEAB-E4B42C7F0ECF}.Ad-Hoc|ARM.ActiveCfg = Release|Any CPU
		{D5A31E2A-AC54-47A2-BEAB-E4B42C7F0ECF}.Ad-Hoc|ARM.Build.0 = Release|Any CPU
		{D5A31E2A-AC54-47A2-BEAB-E4B42C7F0ECF}.Ad-Hoc|ARM.Deploy.0 = Release|Any CPU
		{D5A31E2A-AC54-47A2-BEAB-E4B42C7F0ECF}.Ad-Hoc|iPhone.ActiveCfg = Release|Any CPU
		{D5A31E2A-AC54-47A2-BEAB-E4B42C7F0ECF}.Ad-Hoc|iPhone.Build.0 = Release|Any CPU
		{D5A31E2A-AC54-47A2-BEAB-E4B42C7F0ECF}.Ad-Hoc|iPhone.Deploy.0 = Release|Any CPU
		{D5A31E2A-AC54-47A2-BEAB-E4B42C7F0ECF}.Ad-Hoc|iPhoneSimulator.ActiveCfg = Release|Any CPU
		{D5A31E2A-AC54-47A2-BEAB-E4B42C7F0ECF}.Ad-Hoc|iPhoneSimulator.Build.0 = Release|Any CPU
		{D5A31E2A-AC54-47A2-BEAB-E4B42C7F0ECF}.Ad-Hoc|iPhoneSimulator.Deploy.0 = Release|Any CPU
		{D5A31E2A-AC54-47A2-BEAB-E4B42C7F0ECF}.Ad-Hoc|x64.ActiveCfg = Release|Any CPU
		{D5A31E2A-AC54-47A2-BEAB-E4B42C7F0ECF}.Ad-Hoc|x64.Build.0 = Release|Any CPU
		{D5A31E2A-AC54-47A2-BEAB-E4B42C7F0ECF}.Ad-Hoc|x64.Deploy.0 = Release|Any CPU
		{D5A31E2A-AC54-47A2-BEAB-E4B42C7F0ECF}.Ad-Hoc|x86.ActiveCfg = Release|Any CPU
		{D5A31E2A-AC54-47A2-BEAB-E4B42C7F0ECF}.Ad-Hoc|x86.Build.0 = Release|Any CPU
		{D5A31E2A-AC54-47A2-BEAB-E4B42C7F0ECF}.Ad-Hoc|x86.Deploy.0 = Release|Any CPU
		{D5A31E2A-AC54-47A2-BEAB-E4B42C7F0ECF}.AppStore|Any CPU.ActiveCfg = Release|Any CPU
		{D5A31E2A-AC54-47A2-BEAB-E4B42C7F0ECF}.AppStore|Any CPU.Build.0 = Release|Any CPU
		{D5A31E2A-AC54-47A2-BEAB-E4B42C7F0ECF}.AppStore|Any CPU.Deploy.0 = Release|Any CPU
		{D5A31E2A-AC54-47A2-BEAB-E4B42C7F0ECF}.AppStore|ARM.ActiveCfg = Release|Any CPU
		{D5A31E2A-AC54-47A2-BEAB-E4B42C7F0ECF}.AppStore|ARM.Build.0 = Release|Any CPU
		{D5A31E2A-AC54-47A2-BEAB-E4B42C7F0ECF}.AppStore|ARM.Deploy.0 = Release|Any CPU
		{D5A31E2A-AC54-47A2-BEAB-E4B42C7F0ECF}.AppStore|iPhone.ActiveCfg = Release|Any CPU
		{D5A31E2A-AC54-47A2-BEAB-E4B42C7F0ECF}.AppStore|iPhone.Build.0 = Release|Any CPU
		{D5A31E2A-AC54-47A2-BEAB-E4B42C7F0ECF}.AppStore|iPhone.Deploy.0 = Release|Any CPU
		{D5A31E2A-AC54-47A2-BEAB-E4B42C7F0ECF}.AppStore|iPhoneSimulator.ActiveCfg = Release|Any CPU
		{D5A31E2A-AC54-47A2-BEAB-E4B42C7F0ECF}.AppStore|iPhoneSimulator.Build.0 = Release|Any CPU
		{D5A31E2A-AC54-47A2-BEAB-E4B42C7F0ECF}.AppStore|iPhoneSimulator.Deploy.0 = Release|Any CPU
		{D5A31E2A-AC54-47A2-BEAB-E4B42C7F0ECF}.AppStore|x64.ActiveCfg = Release|Any CPU
		{D5A31E2A-AC54-47A2-BEAB-E4B42C7F0ECF}.AppStore|x64.Build.0 = Release|Any CPU
		{D5A31E2A-AC54-47A2-BEAB-E4B42C7F0ECF}.AppStore|x64.Deploy.0 = Release|Any CPU
		{D5A31E2A-AC54-47A2-BEAB-E4B42C7F0ECF}.AppStore|x86.ActiveCfg = Release|Any CPU
		{D5A31E2A-AC54-47A2-BEAB-E4B42C7F0ECF}.AppStore|x86.Build.0 = Release|Any CPU
		{D5A31E2A-AC54-47A2-BEAB-E4B42C7F0ECF}.AppStore|x86.Deploy.0 = Release|Any CPU
		{D5A31E2A-AC54-47A2-BEAB-E4B42C7F0ECF}.Debug|Any CPU.ActiveCfg = Debug|Any CPU
		{D5A31E2A-AC54-47A2-BEAB-E4B42C7F0ECF}.Debug|Any CPU.Build.0 = Debug|Any CPU
		{D5A31E2A-AC54-47A2-BEAB-E4B42C7F0ECF}.Debug|Any CPU.Deploy.0 = Debug|Any CPU
		{D5A31E2A-AC54-47A2-BEAB-E4B42C7F0ECF}.Debug|ARM.ActiveCfg = Debug|Any CPU
		{D5A31E2A-AC54-47A2-BEAB-E4B42C7F0ECF}.Debug|ARM.Build.0 = Debug|Any CPU
		{D5A31E2A-AC54-47A2-BEAB-E4B42C7F0ECF}.Debug|ARM.Deploy.0 = Debug|Any CPU
		{D5A31E2A-AC54-47A2-BEAB-E4B42C7F0ECF}.Debug|iPhone.ActiveCfg = Debug|Any CPU
		{D5A31E2A-AC54-47A2-BEAB-E4B42C7F0ECF}.Debug|iPhone.Build.0 = Debug|Any CPU
		{D5A31E2A-AC54-47A2-BEAB-E4B42C7F0ECF}.Debug|iPhone.Deploy.0 = Debug|Any CPU
		{D5A31E2A-AC54-47A2-BEAB-E4B42C7F0ECF}.Debug|iPhoneSimulator.ActiveCfg = Debug|Any CPU
		{D5A31E2A-AC54-47A2-BEAB-E4B42C7F0ECF}.Debug|iPhoneSimulator.Build.0 = Debug|Any CPU
		{D5A31E2A-AC54-47A2-BEAB-E4B42C7F0ECF}.Debug|iPhoneSimulator.Deploy.0 = Debug|Any CPU
		{D5A31E2A-AC54-47A2-BEAB-E4B42C7F0ECF}.Debug|x64.ActiveCfg = Debug|Any CPU
		{D5A31E2A-AC54-47A2-BEAB-E4B42C7F0ECF}.Debug|x64.Build.0 = Debug|Any CPU
		{D5A31E2A-AC54-47A2-BEAB-E4B42C7F0ECF}.Debug|x64.Deploy.0 = Debug|Any CPU
		{D5A31E2A-AC54-47A2-BEAB-E4B42C7F0ECF}.Debug|x86.ActiveCfg = Debug|Any CPU
		{D5A31E2A-AC54-47A2-BEAB-E4B42C7F0ECF}.Debug|x86.Build.0 = Debug|Any CPU
		{D5A31E2A-AC54-47A2-BEAB-E4B42C7F0ECF}.Debug|x86.Deploy.0 = Debug|Any CPU
		{D5A31E2A-AC54-47A2-BEAB-E4B42C7F0ECF}.Release|Any CPU.ActiveCfg = Release|Any CPU
		{D5A31E2A-AC54-47A2-BEAB-E4B42C7F0ECF}.Release|Any CPU.Build.0 = Release|Any CPU
		{D5A31E2A-AC54-47A2-BEAB-E4B42C7F0ECF}.Release|Any CPU.Deploy.0 = Release|Any CPU
		{D5A31E2A-AC54-47A2-BEAB-E4B42C7F0ECF}.Release|ARM.ActiveCfg = Release|Any CPU
		{D5A31E2A-AC54-47A2-BEAB-E4B42C7F0ECF}.Release|ARM.Build.0 = Release|Any CPU
		{D5A31E2A-AC54-47A2-BEAB-E4B42C7F0ECF}.Release|ARM.Deploy.0 = Release|Any CPU
		{D5A31E2A-AC54-47A2-BEAB-E4B42C7F0ECF}.Release|iPhone.ActiveCfg = Release|Any CPU
		{D5A31E2A-AC54-47A2-BEAB-E4B42C7F0ECF}.Release|iPhone.Build.0 = Release|Any CPU
		{D5A31E2A-AC54-47A2-BEAB-E4B42C7F0ECF}.Release|iPhone.Deploy.0 = Release|Any CPU
		{D5A31E2A-AC54-47A2-BEAB-E4B42C7F0ECF}.Release|iPhoneSimulator.ActiveCfg = Release|Any CPU
		{D5A31E2A-AC54-47A2-BEAB-E4B42C7F0ECF}.Release|iPhoneSimulator.Build.0 = Release|Any CPU
		{D5A31E2A-AC54-47A2-BEAB-E4B42C7F0ECF}.Release|iPhoneSimulator.Deploy.0 = Release|Any CPU
		{D5A31E2A-AC54-47A2-BEAB-E4B42C7F0ECF}.Release|x64.ActiveCfg = Release|Any CPU
		{D5A31E2A-AC54-47A2-BEAB-E4B42C7F0ECF}.Release|x64.Build.0 = Release|Any CPU
		{D5A31E2A-AC54-47A2-BEAB-E4B42C7F0ECF}.Release|x64.Deploy.0 = Release|Any CPU
		{D5A31E2A-AC54-47A2-BEAB-E4B42C7F0ECF}.Release|x86.ActiveCfg = Release|Any CPU
		{D5A31E2A-AC54-47A2-BEAB-E4B42C7F0ECF}.Release|x86.Build.0 = Release|Any CPU
		{D5A31E2A-AC54-47A2-BEAB-E4B42C7F0ECF}.Release|x86.Deploy.0 = Release|Any CPU
		{D2706C0F-70C3-4944-85AE-5A890FCF2FE6}.Ad-Hoc|Any CPU.ActiveCfg = Ad-Hoc|iPhone
		{D2706C0F-70C3-4944-85AE-5A890FCF2FE6}.Ad-Hoc|ARM.ActiveCfg = Ad-Hoc|iPhone
		{D2706C0F-70C3-4944-85AE-5A890FCF2FE6}.Ad-Hoc|iPhone.ActiveCfg = Ad-Hoc|iPhone
		{D2706C0F-70C3-4944-85AE-5A890FCF2FE6}.Ad-Hoc|iPhone.Build.0 = Ad-Hoc|iPhone
		{D2706C0F-70C3-4944-85AE-5A890FCF2FE6}.Ad-Hoc|iPhoneSimulator.ActiveCfg = Ad-Hoc|iPhoneSimulator
		{D2706C0F-70C3-4944-85AE-5A890FCF2FE6}.Ad-Hoc|iPhoneSimulator.Build.0 = Ad-Hoc|iPhoneSimulator
		{D2706C0F-70C3-4944-85AE-5A890FCF2FE6}.Ad-Hoc|x64.ActiveCfg = Ad-Hoc|iPhone
		{D2706C0F-70C3-4944-85AE-5A890FCF2FE6}.Ad-Hoc|x86.ActiveCfg = Ad-Hoc|iPhone
		{D2706C0F-70C3-4944-85AE-5A890FCF2FE6}.AppStore|Any CPU.ActiveCfg = AppStore|iPhone
		{D2706C0F-70C3-4944-85AE-5A890FCF2FE6}.AppStore|ARM.ActiveCfg = AppStore|iPhone
		{D2706C0F-70C3-4944-85AE-5A890FCF2FE6}.AppStore|iPhone.ActiveCfg = AppStore|iPhone
		{D2706C0F-70C3-4944-85AE-5A890FCF2FE6}.AppStore|iPhone.Build.0 = AppStore|iPhone
		{D2706C0F-70C3-4944-85AE-5A890FCF2FE6}.AppStore|iPhoneSimulator.ActiveCfg = AppStore|iPhoneSimulator
		{D2706C0F-70C3-4944-85AE-5A890FCF2FE6}.AppStore|iPhoneSimulator.Build.0 = AppStore|iPhoneSimulator
		{D2706C0F-70C3-4944-85AE-5A890FCF2FE6}.AppStore|x64.ActiveCfg = AppStore|iPhone
		{D2706C0F-70C3-4944-85AE-5A890FCF2FE6}.AppStore|x86.ActiveCfg = AppStore|iPhone
		{D2706C0F-70C3-4944-85AE-5A890FCF2FE6}.Debug|Any CPU.ActiveCfg = Debug|iPhone
		{D2706C0F-70C3-4944-85AE-5A890FCF2FE6}.Debug|ARM.ActiveCfg = Debug|iPhone
		{D2706C0F-70C3-4944-85AE-5A890FCF2FE6}.Debug|iPhone.ActiveCfg = Debug|iPhone
		{D2706C0F-70C3-4944-85AE-5A890FCF2FE6}.Debug|iPhone.Build.0 = Debug|iPhone
		{D2706C0F-70C3-4944-85AE-5A890FCF2FE6}.Debug|iPhoneSimulator.ActiveCfg = Debug|iPhoneSimulator
		{D2706C0F-70C3-4944-85AE-5A890FCF2FE6}.Debug|iPhoneSimulator.Build.0 = Debug|iPhoneSimulator
		{D2706C0F-70C3-4944-85AE-5A890FCF2FE6}.Debug|x64.ActiveCfg = Debug|iPhone
		{D2706C0F-70C3-4944-85AE-5A890FCF2FE6}.Debug|x86.ActiveCfg = Debug|iPhone
		{D2706C0F-70C3-4944-85AE-5A890FCF2FE6}.Release|Any CPU.ActiveCfg = Release|iPhone
		{D2706C0F-70C3-4944-85AE-5A890FCF2FE6}.Release|ARM.ActiveCfg = Release|iPhone
		{D2706C0F-70C3-4944-85AE-5A890FCF2FE6}.Release|iPhone.ActiveCfg = Release|iPhone
		{D2706C0F-70C3-4944-85AE-5A890FCF2FE6}.Release|iPhone.Build.0 = Release|iPhone
		{D2706C0F-70C3-4944-85AE-5A890FCF2FE6}.Release|iPhoneSimulator.ActiveCfg = Release|iPhoneSimulator
		{D2706C0F-70C3-4944-85AE-5A890FCF2FE6}.Release|iPhoneSimulator.Build.0 = Release|iPhoneSimulator
		{D2706C0F-70C3-4944-85AE-5A890FCF2FE6}.Release|x64.ActiveCfg = Release|iPhone
		{D2706C0F-70C3-4944-85AE-5A890FCF2FE6}.Release|x86.ActiveCfg = Release|iPhone
		{0D0E0A19-D49A-47E3-A7D6-452373A00AA6}.Ad-Hoc|Any CPU.ActiveCfg = Release|x64
		{0D0E0A19-D49A-47E3-A7D6-452373A00AA6}.Ad-Hoc|Any CPU.Build.0 = Release|x64
		{0D0E0A19-D49A-47E3-A7D6-452373A00AA6}.Ad-Hoc|Any CPU.Deploy.0 = Release|x64
		{0D0E0A19-D49A-47E3-A7D6-452373A00AA6}.Ad-Hoc|ARM.ActiveCfg = Release|ARM
		{0D0E0A19-D49A-47E3-A7D6-452373A00AA6}.Ad-Hoc|ARM.Build.0 = Release|ARM
		{0D0E0A19-D49A-47E3-A7D6-452373A00AA6}.Ad-Hoc|ARM.Deploy.0 = Release|ARM
		{0D0E0A19-D49A-47E3-A7D6-452373A00AA6}.Ad-Hoc|iPhone.ActiveCfg = Release|x64
		{0D0E0A19-D49A-47E3-A7D6-452373A00AA6}.Ad-Hoc|iPhone.Build.0 = Release|x64
		{0D0E0A19-D49A-47E3-A7D6-452373A00AA6}.Ad-Hoc|iPhone.Deploy.0 = Release|x64
		{0D0E0A19-D49A-47E3-A7D6-452373A00AA6}.Ad-Hoc|iPhoneSimulator.ActiveCfg = Release|x64
		{0D0E0A19-D49A-47E3-A7D6-452373A00AA6}.Ad-Hoc|iPhoneSimulator.Build.0 = Release|x64
		{0D0E0A19-D49A-47E3-A7D6-452373A00AA6}.Ad-Hoc|iPhoneSimulator.Deploy.0 = Release|x64
		{0D0E0A19-D49A-47E3-A7D6-452373A00AA6}.Ad-Hoc|x64.ActiveCfg = Release|x64
		{0D0E0A19-D49A-47E3-A7D6-452373A00AA6}.Ad-Hoc|x64.Build.0 = Release|x64
		{0D0E0A19-D49A-47E3-A7D6-452373A00AA6}.Ad-Hoc|x64.Deploy.0 = Release|x64
		{0D0E0A19-D49A-47E3-A7D6-452373A00AA6}.Ad-Hoc|x86.ActiveCfg = Release|x86
		{0D0E0A19-D49A-47E3-A7D6-452373A00AA6}.Ad-Hoc|x86.Build.0 = Release|x86
		{0D0E0A19-D49A-47E3-A7D6-452373A00AA6}.Ad-Hoc|x86.Deploy.0 = Release|x86
		{0D0E0A19-D49A-47E3-A7D6-452373A00AA6}.AppStore|Any CPU.ActiveCfg = Release|x64
		{0D0E0A19-D49A-47E3-A7D6-452373A00AA6}.AppStore|Any CPU.Build.0 = Release|x64
		{0D0E0A19-D49A-47E3-A7D6-452373A00AA6}.AppStore|Any CPU.Deploy.0 = Release|x64
		{0D0E0A19-D49A-47E3-A7D6-452373A00AA6}.AppStore|ARM.ActiveCfg = Release|ARM
		{0D0E0A19-D49A-47E3-A7D6-452373A00AA6}.AppStore|ARM.Build.0 = Release|ARM
		{0D0E0A19-D49A-47E3-A7D6-452373A00AA6}.AppStore|ARM.Deploy.0 = Release|ARM
		{0D0E0A19-D49A-47E3-A7D6-452373A00AA6}.AppStore|iPhone.ActiveCfg = Release|x64
		{0D0E0A19-D49A-47E3-A7D6-452373A00AA6}.AppStore|iPhone.Build.0 = Release|x64
		{0D0E0A19-D49A-47E3-A7D6-452373A00AA6}.AppStore|iPhone.Deploy.0 = Release|x64
		{0D0E0A19-D49A-47E3-A7D6-452373A00AA6}.AppStore|iPhoneSimulator.ActiveCfg = Release|x64
		{0D0E0A19-D49A-47E3-A7D6-452373A00AA6}.AppStore|iPhoneSimulator.Build.0 = Release|x64
		{0D0E0A19-D49A-47E3-A7D6-452373A00AA6}.AppStore|iPhoneSimulator.Deploy.0 = Release|x64
		{0D0E0A19-D49A-47E3-A7D6-452373A00AA6}.AppStore|x64.ActiveCfg = Release|x64
		{0D0E0A19-D49A-47E3-A7D6-452373A00AA6}.AppStore|x64.Build.0 = Release|x64
		{0D0E0A19-D49A-47E3-A7D6-452373A00AA6}.AppStore|x64.Deploy.0 = Release|x64
		{0D0E0A19-D49A-47E3-A7D6-452373A00AA6}.AppStore|x86.ActiveCfg = Release|x86
		{0D0E0A19-D49A-47E3-A7D6-452373A00AA6}.AppStore|x86.Build.0 = Release|x86
		{0D0E0A19-D49A-47E3-A7D6-452373A00AA6}.AppStore|x86.Deploy.0 = Release|x86
		{0D0E0A19-D49A-47E3-A7D6-452373A00AA6}.Debug|Any CPU.ActiveCfg = Debug|x86
		{0D0E0A19-D49A-47E3-A7D6-452373A00AA6}.Debug|ARM.ActiveCfg = Debug|ARM
		{0D0E0A19-D49A-47E3-A7D6-452373A00AA6}.Debug|ARM.Build.0 = Debug|ARM
		{0D0E0A19-D49A-47E3-A7D6-452373A00AA6}.Debug|ARM.Deploy.0 = Debug|ARM
		{0D0E0A19-D49A-47E3-A7D6-452373A00AA6}.Debug|iPhone.ActiveCfg = Debug|x86
		{0D0E0A19-D49A-47E3-A7D6-452373A00AA6}.Debug|iPhoneSimulator.ActiveCfg = Debug|x86
		{0D0E0A19-D49A-47E3-A7D6-452373A00AA6}.Debug|x64.ActiveCfg = Debug|x64
		{0D0E0A19-D49A-47E3-A7D6-452373A00AA6}.Debug|x64.Build.0 = Debug|x64
		{0D0E0A19-D49A-47E3-A7D6-452373A00AA6}.Debug|x64.Deploy.0 = Debug|x64
		{0D0E0A19-D49A-47E3-A7D6-452373A00AA6}.Debug|x86.ActiveCfg = Debug|x86
		{0D0E0A19-D49A-47E3-A7D6-452373A00AA6}.Debug|x86.Build.0 = Debug|x86
		{0D0E0A19-D49A-47E3-A7D6-452373A00AA6}.Debug|x86.Deploy.0 = Debug|x86
		{0D0E0A19-D49A-47E3-A7D6-452373A00AA6}.Release|Any CPU.ActiveCfg = Release|x86
		{0D0E0A19-D49A-47E3-A7D6-452373A00AA6}.Release|ARM.ActiveCfg = Release|ARM
		{0D0E0A19-D49A-47E3-A7D6-452373A00AA6}.Release|ARM.Build.0 = Release|ARM
		{0D0E0A19-D49A-47E3-A7D6-452373A00AA6}.Release|ARM.Deploy.0 = Release|ARM
		{0D0E0A19-D49A-47E3-A7D6-452373A00AA6}.Release|iPhone.ActiveCfg = Release|x86
		{0D0E0A19-D49A-47E3-A7D6-452373A00AA6}.Release|iPhoneSimulator.ActiveCfg = Release|x86
		{0D0E0A19-D49A-47E3-A7D6-452373A00AA6}.Release|x64.ActiveCfg = Release|x64
		{0D0E0A19-D49A-47E3-A7D6-452373A00AA6}.Release|x64.Build.0 = Release|x64
		{0D0E0A19-D49A-47E3-A7D6-452373A00AA6}.Release|x64.Deploy.0 = Release|x64
		{0D0E0A19-D49A-47E3-A7D6-452373A00AA6}.Release|x86.ActiveCfg = Release|x86
		{0D0E0A19-D49A-47E3-A7D6-452373A00AA6}.Release|x86.Build.0 = Release|x86
		{0D0E0A19-D49A-47E3-A7D6-452373A00AA6}.Release|x86.Deploy.0 = Release|x86
		{F1A285AA-618C-4874-A35C-07A3D722ACC1}.Ad-Hoc|Any CPU.ActiveCfg = Debug|Any CPU
		{F1A285AA-618C-4874-A35C-07A3D722ACC1}.Ad-Hoc|Any CPU.Build.0 = Debug|Any CPU
		{F1A285AA-618C-4874-A35C-07A3D722ACC1}.Ad-Hoc|ARM.ActiveCfg = Debug|Any CPU
		{F1A285AA-618C-4874-A35C-07A3D722ACC1}.Ad-Hoc|ARM.Build.0 = Debug|Any CPU
		{F1A285AA-618C-4874-A35C-07A3D722ACC1}.Ad-Hoc|iPhone.ActiveCfg = Debug|Any CPU
		{F1A285AA-618C-4874-A35C-07A3D722ACC1}.Ad-Hoc|iPhone.Build.0 = Debug|Any CPU
		{F1A285AA-618C-4874-A35C-07A3D722ACC1}.Ad-Hoc|iPhoneSimulator.ActiveCfg = Debug|Any CPU
		{F1A285AA-618C-4874-A35C-07A3D722ACC1}.Ad-Hoc|iPhoneSimulator.Build.0 = Debug|Any CPU
		{F1A285AA-618C-4874-A35C-07A3D722ACC1}.Ad-Hoc|x64.ActiveCfg = Debug|Any CPU
		{F1A285AA-618C-4874-A35C-07A3D722ACC1}.Ad-Hoc|x64.Build.0 = Debug|Any CPU
		{F1A285AA-618C-4874-A35C-07A3D722ACC1}.Ad-Hoc|x86.ActiveCfg = Debug|Any CPU
		{F1A285AA-618C-4874-A35C-07A3D722ACC1}.Ad-Hoc|x86.Build.0 = Debug|Any CPU
		{F1A285AA-618C-4874-A35C-07A3D722ACC1}.AppStore|Any CPU.ActiveCfg = Debug|Any CPU
		{F1A285AA-618C-4874-A35C-07A3D722ACC1}.AppStore|Any CPU.Build.0 = Debug|Any CPU
		{F1A285AA-618C-4874-A35C-07A3D722ACC1}.AppStore|ARM.ActiveCfg = Debug|Any CPU
		{F1A285AA-618C-4874-A35C-07A3D722ACC1}.AppStore|ARM.Build.0 = Debug|Any CPU
		{F1A285AA-618C-4874-A35C-07A3D722ACC1}.AppStore|iPhone.ActiveCfg = Debug|Any CPU
		{F1A285AA-618C-4874-A35C-07A3D722ACC1}.AppStore|iPhone.Build.0 = Debug|Any CPU
		{F1A285AA-618C-4874-A35C-07A3D722ACC1}.AppStore|iPhoneSimulator.ActiveCfg = Debug|Any CPU
		{F1A285AA-618C-4874-A35C-07A3D722ACC1}.AppStore|iPhoneSimulator.Build.0 = Debug|Any CPU
		{F1A285AA-618C-4874-A35C-07A3D722ACC1}.AppStore|x64.ActiveCfg = Debug|Any CPU
		{F1A285AA-618C-4874-A35C-07A3D722ACC1}.AppStore|x64.Build.0 = Debug|Any CPU
		{F1A285AA-618C-4874-A35C-07A3D722ACC1}.AppStore|x86.ActiveCfg = Debug|Any CPU
		{F1A285AA-618C-4874-A35C-07A3D722ACC1}.AppStore|x86.Build.0 = Debug|Any CPU
		{F1A285AA-618C-4874-A35C-07A3D722ACC1}.Debug|Any CPU.ActiveCfg = Debug|Any CPU
		{F1A285AA-618C-4874-A35C-07A3D722ACC1}.Debug|Any CPU.Build.0 = Debug|Any CPU
		{F1A285AA-618C-4874-A35C-07A3D722ACC1}.Debug|ARM.ActiveCfg = Debug|Any CPU
		{F1A285AA-618C-4874-A35C-07A3D722ACC1}.Debug|ARM.Build.0 = Debug|Any CPU
		{F1A285AA-618C-4874-A35C-07A3D722ACC1}.Debug|iPhone.ActiveCfg = Debug|Any CPU
		{F1A285AA-618C-4874-A35C-07A3D722ACC1}.Debug|iPhone.Build.0 = Debug|Any CPU
		{F1A285AA-618C-4874-A35C-07A3D722ACC1}.Debug|iPhoneSimulator.ActiveCfg = Debug|Any CPU
		{F1A285AA-618C-4874-A35C-07A3D722ACC1}.Debug|iPhoneSimulator.Build.0 = Debug|Any CPU
		{F1A285AA-618C-4874-A35C-07A3D722ACC1}.Debug|x64.ActiveCfg = Debug|Any CPU
		{F1A285AA-618C-4874-A35C-07A3D722ACC1}.Debug|x64.Build.0 = Debug|Any CPU
		{F1A285AA-618C-4874-A35C-07A3D722ACC1}.Debug|x86.ActiveCfg = Debug|Any CPU
		{F1A285AA-618C-4874-A35C-07A3D722ACC1}.Debug|x86.Build.0 = Debug|Any CPU
		{F1A285AA-618C-4874-A35C-07A3D722ACC1}.Release|Any CPU.ActiveCfg = Release|Any CPU
		{F1A285AA-618C-4874-A35C-07A3D722ACC1}.Release|Any CPU.Build.0 = Release|Any CPU
		{F1A285AA-618C-4874-A35C-07A3D722ACC1}.Release|ARM.ActiveCfg = Release|Any CPU
		{F1A285AA-618C-4874-A35C-07A3D722ACC1}.Release|ARM.Build.0 = Release|Any CPU
		{F1A285AA-618C-4874-A35C-07A3D722ACC1}.Release|iPhone.ActiveCfg = Release|Any CPU
		{F1A285AA-618C-4874-A35C-07A3D722ACC1}.Release|iPhone.Build.0 = Release|Any CPU
		{F1A285AA-618C-4874-A35C-07A3D722ACC1}.Release|iPhoneSimulator.ActiveCfg = Release|Any CPU
		{F1A285AA-618C-4874-A35C-07A3D722ACC1}.Release|iPhoneSimulator.Build.0 = Release|Any CPU
		{F1A285AA-618C-4874-A35C-07A3D722ACC1}.Release|x64.ActiveCfg = Release|Any CPU
		{F1A285AA-618C-4874-A35C-07A3D722ACC1}.Release|x64.Build.0 = Release|Any CPU
		{F1A285AA-618C-4874-A35C-07A3D722ACC1}.Release|x86.ActiveCfg = Release|Any CPU
		{F1A285AA-618C-4874-A35C-07A3D722ACC1}.Release|x86.Build.0 = Release|Any CPU
	EndGlobalSection
	GlobalSection(SolutionProperties) = preSolution
		HideSolutionNode = FALSE
	EndGlobalSection
	GlobalSection(ExtensibilityGlobals) = postSolution
		SolutionGuid = {1FE9DF26-1A69-49DF-9D63-F76DCD82DA69}
	EndGlobalSection
EndGlobal
